# This file is automatically @generated by Cargo.
# It is not intended for manual editing.
version = 4

[[package]]
name = "ast"
version = "0.1.0"
dependencies = [
 "common",
]

[[package]]
name = "checker"
version = "0.1.0"
dependencies = [
 "ast",
 "common",
 "tcast",
]

[[package]]
name = "common"
version = "0.1.0"

[[package]]
name = "js"
version = "0.1.0"
dependencies = [
 "common",
 "tcast",
]

[[package]]
name = "lexer"
version = "0.1.0"

[[package]]
name = "parser"
version = "0.1.0"
dependencies = [
 "ast",
 "common",
 "lexer",
]

[[package]]
name = "tcast"
version = "0.1.0"
dependencies = [
 "common",
]

[[package]]
name = "wrc"
version = "0.1.0"
dependencies = [
 "checker",
 "js",
 "lexer",
 "parser",
]
